{
  "name": "simon-cli-dev",
  "version": "1.0.0",
  "lockfileVersion": 1,
  "requires": true,
  "dependencies": {
    "@simon-cli-dev/core": {
      "version": "0.0.3",
      "resolved": "https://registry.npmjs.org/@simon-cli-dev/core/-/core-0.0.3.tgz",
      "integrity": "sha512-q7gQeacfna5qyUfDMIrE0pNNl8eNkSDJ6Ba2J0MsEg1pFcl2Cnyq1lMVsGl5y3M5dfV/acrK4RuOFf/P2wiTVQ==",
      "dev": true
    }
  }
}
